<?xml version="1.0" encoding="utf-8"?>
<Project ToolsVersion="4.0" xmlns="http://schemas.microsoft.com/developer/msbuild/2003">
  <ItemGroup>
    <Filter Include="源文件">
      <UniqueIdentifier>{4FC737F1-C7A5-4376-A066-2A32D752A2FF}</UniqueIdentifier>
      <Extensions>cpp;c;cc;cxx;def;odl;idl;hpj;bat;asm;asmx</Extensions>
    </Filter>
    <Filter Include="头文件">
      <UniqueIdentifier>{93995380-89BD-4b04-88EB-625FBE52EBFB}</UniqueIdentifier>
      <Extensions>h;hh;hpp;hxx;hm;inl;inc;xsd</Extensions>
    </Filter>
    <Filter Include="资源文件">
      <UniqueIdentifier>{67DA6AB6-F800-4c08-8B7A-83BB121AAD01}</UniqueIdentifier>
      <Extensions>rc;ico;cur;bmp;dlg;rc2;rct;bin;rgs;gif;jpg;jpeg;jpe;resx;tiff;tif;png;wav;mfcribbon-ms</Extensions>
    </Filter>
    <Filter Include="头文件\Layers">
      <UniqueIdentifier>{9f772578-ccb1-4a34-94d0-1689393dabec}</UniqueIdentifier>
    </Filter>
    <Filter Include="源文件\Layers">
      <UniqueIdentifier>{c152889b-48a7-48ea-af38-868b1a20d867}</UniqueIdentifier>
    </Filter>
  </ItemGroup>
  <ItemGroup>
    <ClInclude Include="CnnLayer.h">
      <Filter>头文件</Filter>
    </ClInclude>
    <ClInclude Include="blowfish.h">
      <Filter>头文件</Filter>
    </ClInclude>
    <ClInclude Include="CnnNet.h">
      <Filter>头文件</Filter>
    </ClInclude>
    <ClInclude Include="CnnAllLayers.h">
      <Filter>头文件</Filter>
    </ClInclude>
    <ClInclude Include="Conv.h">
      <Filter>头文件\Layers</Filter>
    </ClInclude>
    <ClInclude Include="Pooling.h">
      <Filter>头文件\Layers</Filter>
    </ClInclude>
    <ClInclude Include="Relu.h">
      <Filter>头文件\Layers</Filter>
    </ClInclude>
    <ClInclude Include="Dense.h">
      <Filter>头文件\Layers</Filter>
    </ClInclude>
    <ClInclude Include="LayerConfig.h">
      <Filter>头文件</Filter>
    </ClInclude>
    <ClInclude Include="Input.h">
      <Filter>头文件\Layers</Filter>
    </ClInclude>
    <ClInclude Include="ModelReader.h">
      <Filter>头文件</Filter>
    </ClInclude>
    <ClInclude Include="utils.h">
      <Filter>头文件</Filter>
    </ClInclude>
  </ItemGroup>
  <ItemGroup>
    <ClCompile Include="blowfish.cpp">
      <Filter>源文件</Filter>
    </ClCompile>
    <ClCompile Include="Conv.cpp">
      <Filter>源文件\Layers</Filter>
    </ClCompile>
    <ClCompile Include="Dense.cpp">
      <Filter>源文件\Layers</Filter>
    </ClCompile>
    <ClCompile Include="Pooling.cpp">
      <Filter>源文件\Layers</Filter>
    </ClCompile>
    <ClCompile Include="Relu.cpp">
      <Filter>源文件\Layers</Filter>
    </ClCompile>
    <ClCompile Include="CnnNet.cpp">
      <Filter>源文件</Filter>
    </ClCompile>
    <ClCompile Include="utils.cpp">
      <Filter>源文件</Filter>
    </ClCompile>
    <ClCompile Include="Input.cpp">
      <Filter>源文件\Layers</Filter>
    </ClCompile>
    <ClCompile Include="ModelReader.cpp">
      <Filter>源文件</Filter>
    </ClCompile>
    <ClCompile Include="main.cpp">
      <Filter>源文件</Filter>
    </ClCompile>
  </ItemGroup>
</Project>